github.com/Microsoft/go-winio v0.6.2 h1:F2VQgta7ecxGYO8k3ZZz3RS8fVIXVxONVUPlNERoyfY=
github.com/Microsoft/go-winio v0.6.2/go.mod h1:yd8OoFMLzJbo9gZq8j5qaps8bJ9aShtEA8Ipt1oGCvU=
github.com/google/btree v1.1.2 h1:xf4v41cLI2Z6FxbKm+8Bu+m8ifhj15JuZ9sa0jZCMUU=
github.com/google/btree v1.1.2/go.mod h1:qOPhT0dTNdNzV6Z/lhRX0YXUafgPLFUh+gZMl761Gm4=
golang.org/x/exp v0.0.0-20260727155853-b88d891fe743 h1:ex206bKw+v3K0dm3andkrIF+ijyQKJG1pLgwQ2PYdQM=
golang.org/x/exp v0.0.0-20260727155853-b88d891fe743/go.mod h1:EdfpwwqSu+0Li0mzskwHU6FWDV3t9Q+RZDo3QMUtL3Q=
golang.org/x/sys v0.47.0 h1:o7XGOvZQCADBQQ4Y7VNq2dRWQR7JmOUW8Kxx4ZsNgWs=
golang.org/x/sys v0.47.0/go.mod h1:4GL1E5IUh+htKOUEOaiffhrAeqysfVGipDYzABqnCmw=
golang.org/x/time v0.15.0 h1:bbrp8t3bGUeFOx08pvsMYRTCVSMk89u4tKbNOZbp88U=
golang.org/x/time v0.15.0/go.mod h1:Y4YMaQmXwGQZoFaVFk4YpCt4FLQMYKZe9oeV/f4MSno=
gvisor.dev/gvisor v0.0.0-20260807002324-2ed5e670b9b9 h1:0z0XlQZxTlvgu0pd51KRA/BelbkltrN2/Xkr1HyCg3I=
gvisor.dev/gvisor v0.0.0-20260807002324-2ed5e670b9b9/go.mod h1:8aLQqUBHDH8fY5y60lzmwDpMMbQCcT3EBfoSwhfaGCY=
